
Microsoft Visual Studio Solution File, Format Version 11.00
# Visual Studio 2010
Project("{FAE04EC0-301F-11D3-BF4B-00C04F79EFBC}") = "CameraImageWPF", "CameraImageWPF\CameraImageWPF.csproj", "{00E35EEF-A46C-492B-A101-B42A41AD1161}"
EndProject
Project("{FAE04EC0-301F-11D3-BF4B-00C04F79EFBC}") = "DepthWPF", "DepthWPF\DepthWPF.csproj", "{603119C4-25BA-40D9-8AE9-F20CAF17352F}"
EndProject
Project("{FAE04EC0-301F-11D3-BF4B-00C04F79EFBC}") = "SkeletonWPF", "SkeletonWPF\SkeletonWPF.csproj", "{C17D9242-F6C2-4F54-BAF5-D4D3264CB5A4}"
EndProject
Project("{FAE04EC0-301F-11D3-BF4B-00C04F79EFBC}") = "UserWPF", "UserWPF\UserWPF.csproj", "{3670B853-5F17-498B-9F26-7D894B870B05}"
EndProject
Project("{FAE04EC0-301F-11D3-BF4B-00C04F79EFBC}") = "SkeletonFullWPF", "SkeletonFullWPF\SkeletonFullWPF.csproj", "{91AC6527-581B-42EA-AF01-25D023158D2D}"
EndProject
Project("{FAE04EC0-301F-11D3-BF4B-00C04F79EFBC}") = "AudioBase", "AudioBase\AudioBase.csproj", "{3BBE1F03-766B-44B5-8B4B-499689302620}"
EndProject
Project("{FAE04EC0-301F-11D3-BF4B-00C04F79EFBC}") = "AudioBase2", "AudioBase2\AudioBase2.csproj", "{33870FC0-ADC2-4ECC-9723-6FE1BEA0147C}"
EndProject
Project("{8BC9CEB8-8B4A-11D0-8D11-00A0C91BC942}") = "StreamingWavePlayer", "StreamingWavePlayer\StreamingWavePlayer.vcxproj", "{737554E2-6605-4F62-98B9-F0C9985E22F7}"
EndProject
Project("{FAE04EC0-301F-11D3-BF4B-00C04F79EFBC}") = "AudioWPF", "AudioWPF\AudioWPF.csproj", "{44E0C183-2E7A-4B40-BF62-289B164EB254}"
EndProject
Project("{FAE04EC0-301F-11D3-BF4B-00C04F79EFBC}") = "HelloOpenNI", "HelloOpenNI\HelloOpenNI.csproj", "{B2E268FE-8E1D-4C3F-BA0C-F6B892B5926A}"
EndProject
Global
	GlobalSection(SolutionConfigurationPlatforms) = preSolution
		Debug|Mixed Platforms = Debug|Mixed Platforms
		Debug|Win32 = Debug|Win32
		Debug|x86 = Debug|x86
		Release|Mixed Platforms = Release|Mixed Platforms
		Release|Win32 = Release|Win32
		Release|x86 = Release|x86
	EndGlobalSection
	GlobalSection(ProjectConfigurationPlatforms) = postSolution
		{00E35EEF-A46C-492B-A101-B42A41AD1161}.Debug|Mixed Platforms.ActiveCfg = Debug|x86
		{00E35EEF-A46C-492B-A101-B42A41AD1161}.Debug|Mixed Platforms.Build.0 = Debug|x86
		{00E35EEF-A46C-492B-A101-B42A41AD1161}.Debug|Win32.ActiveCfg = Debug|x86
		{00E35EEF-A46C-492B-A101-B42A41AD1161}.Debug|x86.ActiveCfg = Debug|x86
		{00E35EEF-A46C-492B-A101-B42A41AD1161}.Debug|x86.Build.0 = Debug|x86
		{00E35EEF-A46C-492B-A101-B42A41AD1161}.Release|Mixed Platforms.ActiveCfg = Release|x86
		{00E35EEF-A46C-492B-A101-B42A41AD1161}.Release|Mixed Platforms.Build.0 = Release|x86
		{00E35EEF-A46C-492B-A101-B42A41AD1161}.Release|Win32.ActiveCfg = Release|x86
		{00E35EEF-A46C-492B-A101-B42A41AD1161}.Release|x86.ActiveCfg = Release|x86
		{00E35EEF-A46C-492B-A101-B42A41AD1161}.Release|x86.Build.0 = Release|x86
		{603119C4-25BA-40D9-8AE9-F20CAF17352F}.Debug|Mixed Platforms.ActiveCfg = Debug|x86
		{603119C4-25BA-40D9-8AE9-F20CAF17352F}.Debug|Mixed Platforms.Build.0 = Debug|x86
		{603119C4-25BA-40D9-8AE9-F20CAF17352F}.Debug|Win32.ActiveCfg = Debug|x86
		{603119C4-25BA-40D9-8AE9-F20CAF17352F}.Debug|x86.ActiveCfg = Debug|x86
		{603119C4-25BA-40D9-8AE9-F20CAF17352F}.Debug|x86.Build.0 = Debug|x86
		{603119C4-25BA-40D9-8AE9-F20CAF17352F}.Release|Mixed Platforms.ActiveCfg = Release|x86
		{603119C4-25BA-40D9-8AE9-F20CAF17352F}.Release|Mixed Platforms.Build.0 = Release|x86
		{603119C4-25BA-40D9-8AE9-F20CAF17352F}.Release|Win32.ActiveCfg = Release|x86
		{603119C4-25BA-40D9-8AE9-F20CAF17352F}.Release|x86.ActiveCfg = Release|x86
		{603119C4-25BA-40D9-8AE9-F20CAF17352F}.Release|x86.Build.0 = Release|x86
		{C17D9242-F6C2-4F54-BAF5-D4D3264CB5A4}.Debug|Mixed Platforms.ActiveCfg = Debug|x86
		{C17D9242-F6C2-4F54-BAF5-D4D3264CB5A4}.Debug|Mixed Platforms.Build.0 = Debug|x86
		{C17D9242-F6C2-4F54-BAF5-D4D3264CB5A4}.Debug|Win32.ActiveCfg = Debug|x86
		{C17D9242-F6C2-4F54-BAF5-D4D3264CB5A4}.Debug|x86.ActiveCfg = Debug|x86
		{C17D9242-F6C2-4F54-BAF5-D4D3264CB5A4}.Release|Mixed Platforms.ActiveCfg = Release|x86
		{C17D9242-F6C2-4F54-BAF5-D4D3264CB5A4}.Release|Mixed Platforms.Build.0 = Release|x86
		{C17D9242-F6C2-4F54-BAF5-D4D3264CB5A4}.Release|Win32.ActiveCfg = Release|x86
		{C17D9242-F6C2-4F54-BAF5-D4D3264CB5A4}.Release|x86.ActiveCfg = Release|x86
		{C17D9242-F6C2-4F54-BAF5-D4D3264CB5A4}.Release|x86.Build.0 = Release|x86
		{3670B853-5F17-498B-9F26-7D894B870B05}.Debug|Mixed Platforms.ActiveCfg = Debug|x86
		{3670B853-5F17-498B-9F26-7D894B870B05}.Debug|Mixed Platforms.Build.0 = Debug|x86
		{3670B853-5F17-498B-9F26-7D894B870B05}.Debug|Win32.ActiveCfg = Debug|x86
		{3670B853-5F17-498B-9F26-7D894B870B05}.Debug|x86.ActiveCfg = Debug|x86
		{3670B853-5F17-498B-9F26-7D894B870B05}.Debug|x86.Build.0 = Debug|x86
		{3670B853-5F17-498B-9F26-7D894B870B05}.Release|Mixed Platforms.ActiveCfg = Release|x86
		{3670B853-5F17-498B-9F26-7D894B870B05}.Release|Mixed Platforms.Build.0 = Release|x86
		{3670B853-5F17-498B-9F26-7D894B870B05}.Release|Win32.ActiveCfg = Release|x86
		{3670B853-5F17-498B-9F26-7D894B870B05}.Release|x86.ActiveCfg = Release|x86
		{3670B853-5F17-498B-9F26-7D894B870B05}.Release|x86.Build.0 = Release|x86
		{91AC6527-581B-42EA-AF01-25D023158D2D}.Debug|Mixed Platforms.ActiveCfg = Debug|x86
		{91AC6527-581B-42EA-AF01-25D023158D2D}.Debug|Mixed Platforms.Build.0 = Debug|x86
		{91AC6527-581B-42EA-AF01-25D023158D2D}.Debug|Win32.ActiveCfg = Debug|x86
		{91AC6527-581B-42EA-AF01-25D023158D2D}.Debug|x86.ActiveCfg = Debug|x86
		{91AC6527-581B-42EA-AF01-25D023158D2D}.Debug|x86.Build.0 = Debug|x86
		{91AC6527-581B-42EA-AF01-25D023158D2D}.Release|Mixed Platforms.ActiveCfg = Release|x86
		{91AC6527-581B-42EA-AF01-25D023158D2D}.Release|Mixed Platforms.Build.0 = Release|x86
		{91AC6527-581B-42EA-AF01-25D023158D2D}.Release|Win32.ActiveCfg = Release|x86
		{91AC6527-581B-42EA-AF01-25D023158D2D}.Release|x86.ActiveCfg = Release|x86
		{91AC6527-581B-42EA-AF01-25D023158D2D}.Release|x86.Build.0 = Release|x86
		{3BBE1F03-766B-44B5-8B4B-499689302620}.Debug|Mixed Platforms.ActiveCfg = Debug|x86
		{3BBE1F03-766B-44B5-8B4B-499689302620}.Debug|Mixed Platforms.Build.0 = Debug|x86
		{3BBE1F03-766B-44B5-8B4B-499689302620}.Debug|Win32.ActiveCfg = Debug|x86
		{3BBE1F03-766B-44B5-8B4B-499689302620}.Debug|x86.ActiveCfg = Debug|x86
		{3BBE1F03-766B-44B5-8B4B-499689302620}.Debug|x86.Build.0 = Debug|x86
		{3BBE1F03-766B-44B5-8B4B-499689302620}.Release|Mixed Platforms.ActiveCfg = Release|x86
		{3BBE1F03-766B-44B5-8B4B-499689302620}.Release|Mixed Platforms.Build.0 = Release|x86
		{3BBE1F03-766B-44B5-8B4B-499689302620}.Release|Win32.ActiveCfg = Release|x86
		{3BBE1F03-766B-44B5-8B4B-499689302620}.Release|x86.ActiveCfg = Release|x86
		{3BBE1F03-766B-44B5-8B4B-499689302620}.Release|x86.Build.0 = Release|x86
		{33870FC0-ADC2-4ECC-9723-6FE1BEA0147C}.Debug|Mixed Platforms.ActiveCfg = Debug|x86
		{33870FC0-ADC2-4ECC-9723-6FE1BEA0147C}.Debug|Mixed Platforms.Build.0 = Debug|x86
		{33870FC0-ADC2-4ECC-9723-6FE1BEA0147C}.Debug|Win32.ActiveCfg = Debug|x86
		{33870FC0-ADC2-4ECC-9723-6FE1BEA0147C}.Debug|x86.ActiveCfg = Debug|x86
		{33870FC0-ADC2-4ECC-9723-6FE1BEA0147C}.Debug|x86.Build.0 = Debug|x86
		{33870FC0-ADC2-4ECC-9723-6FE1BEA0147C}.Release|Mixed Platforms.ActiveCfg = Release|x86
		{33870FC0-ADC2-4ECC-9723-6FE1BEA0147C}.Release|Mixed Platforms.Build.0 = Release|x86
		{33870FC0-ADC2-4ECC-9723-6FE1BEA0147C}.Release|Win32.ActiveCfg = Release|x86
		{33870FC0-ADC2-4ECC-9723-6FE1BEA0147C}.Release|x86.ActiveCfg = Release|x86
		{33870FC0-ADC2-4ECC-9723-6FE1BEA0147C}.Release|x86.Build.0 = Release|x86
		{737554E2-6605-4F62-98B9-F0C9985E22F7}.Debug|Mixed Platforms.ActiveCfg = Debug|Win32
		{737554E2-6605-4F62-98B9-F0C9985E22F7}.Debug|Mixed Platforms.Build.0 = Debug|Win32
		{737554E2-6605-4F62-98B9-F0C9985E22F7}.Debug|Win32.ActiveCfg = Debug|Win32
		{737554E2-6605-4F62-98B9-F0C9985E22F7}.Debug|Win32.Build.0 = Debug|Win32
		{737554E2-6605-4F62-98B9-F0C9985E22F7}.Debug|x86.ActiveCfg = Debug|Win32
		{737554E2-6605-4F62-98B9-F0C9985E22F7}.Debug|x86.Build.0 = Debug|Win32
		{737554E2-6605-4F62-98B9-F0C9985E22F7}.Release|Mixed Platforms.ActiveCfg = Release|Win32
		{737554E2-6605-4F62-98B9-F0C9985E22F7}.Release|Mixed Platforms.Build.0 = Release|Win32
		{737554E2-6605-4F62-98B9-F0C9985E22F7}.Release|Win32.ActiveCfg = Release|Win32
		{737554E2-6605-4F62-98B9-F0C9985E22F7}.Release|Win32.Build.0 = Release|Win32
		{737554E2-6605-4F62-98B9-F0C9985E22F7}.Release|x86.ActiveCfg = Release|Win32
		{44E0C183-2E7A-4B40-BF62-289B164EB254}.Debug|Mixed Platforms.ActiveCfg = Debug|x86
		{44E0C183-2E7A-4B40-BF62-289B164EB254}.Debug|Mixed Platforms.Build.0 = Debug|x86
		{44E0C183-2E7A-4B40-BF62-289B164EB254}.Debug|Win32.ActiveCfg = Debug|x86
		{44E0C183-2E7A-4B40-BF62-289B164EB254}.Debug|x86.ActiveCfg = Debug|x86
		{44E0C183-2E7A-4B40-BF62-289B164EB254}.Debug|x86.Build.0 = Debug|x86
		{44E0C183-2E7A-4B40-BF62-289B164EB254}.Release|Mixed Platforms.ActiveCfg = Release|x86
		{44E0C183-2E7A-4B40-BF62-289B164EB254}.Release|Mixed Platforms.Build.0 = Release|x86
		{44E0C183-2E7A-4B40-BF62-289B164EB254}.Release|Win32.ActiveCfg = Release|x86
		{44E0C183-2E7A-4B40-BF62-289B164EB254}.Release|x86.ActiveCfg = Release|x86
		{44E0C183-2E7A-4B40-BF62-289B164EB254}.Release|x86.Build.0 = Release|x86
		{B2E268FE-8E1D-4C3F-BA0C-F6B892B5926A}.Debug|Mixed Platforms.ActiveCfg = Debug|x86
		{B2E268FE-8E1D-4C3F-BA0C-F6B892B5926A}.Debug|Mixed Platforms.Build.0 = Debug|x86
		{B2E268FE-8E1D-4C3F-BA0C-F6B892B5926A}.Debug|Win32.ActiveCfg = Debug|x86
		{B2E268FE-8E1D-4C3F-BA0C-F6B892B5926A}.Debug|x86.ActiveCfg = Debug|x86
		{B2E268FE-8E1D-4C3F-BA0C-F6B892B5926A}.Debug|x86.Build.0 = Debug|x86
		{B2E268FE-8E1D-4C3F-BA0C-F6B892B5926A}.Release|Mixed Platforms.ActiveCfg = Release|x86
		{B2E268FE-8E1D-4C3F-BA0C-F6B892B5926A}.Release|Mixed Platforms.Build.0 = Release|x86
		{B2E268FE-8E1D-4C3F-BA0C-F6B892B5926A}.Release|Win32.ActiveCfg = Release|x86
		{B2E268FE-8E1D-4C3F-BA0C-F6B892B5926A}.Release|x86.ActiveCfg = Release|x86
		{B2E268FE-8E1D-4C3F-BA0C-F6B892B5926A}.Release|x86.Build.0 = Release|x86
	EndGlobalSection
	GlobalSection(SolutionProperties) = preSolution
		HideSolutionNode = FALSE
	EndGlobalSection
EndGlobal
