
Microsoft Visual Studio Solution File, Format Version 11.00
# Visual Studio 2010
Project("{FAE04EC0-301F-11D3-BF4B-00C04F79EFBC}") = "CameraImageWPF", "CameraImageWPF\CameraImageWPF.csproj", "{00E35EEF-A46C-492B-A101-B42A41AD1161}"
EndProject
Project("{FAE04EC0-301F-11D3-BF4B-00C04F79EFBC}") = "DepthWPF", "DepthWPF\DepthWPF.csproj", "{603119C4-25BA-40D9-8AE9-F20CAF17352F}"
EndProject
Project("{FAE04EC0-301F-11D3-BF4B-00C04F79EFBC}") = "SkeletonWPF", "SkeletonWPF\SkeletonWPF.csproj", "{C17D9242-F6C2-4F54-BAF5-D4D3264CB5A4}"
EndProject
Project("{FAE04EC0-301F-11D3-BF4B-00C04F79EFBC}") = "UserWPF", "UserWPF\UserWPF.csproj", "{3670B853-5F17-498B-9F26-7D894B870B05}"
EndProject
Project("{FAE04EC0-301F-11D3-BF4B-00C04F79EFBC}") = "SkeletonFullWPF", "SkeletonFullWPF\SkeletonFullWPF.csproj", "{91AC6527-581B-42EA-AF01-25D023158D2D}"
EndProject
Global
	GlobalSection(SolutionConfigurationPlatforms) = preSolution
		Debug|x86 = Debug|x86
		Release|x86 = Release|x86
	EndGlobalSection
	GlobalSection(ProjectConfigurationPlatforms) = postSolution
		{00E35EEF-A46C-492B-A101-B42A41AD1161}.Debug|x86.ActiveCfg = Debug|x86
		{00E35EEF-A46C-492B-A101-B42A41AD1161}.Debug|x86.Build.0 = Debug|x86
		{00E35EEF-A46C-492B-A101-B42A41AD1161}.Release|x86.ActiveCfg = Release|x86
		{00E35EEF-A46C-492B-A101-B42A41AD1161}.Release|x86.Build.0 = Release|x86
		{603119C4-25BA-40D9-8AE9-F20CAF17352F}.Debug|x86.ActiveCfg = Debug|x86
		{603119C4-25BA-40D9-8AE9-F20CAF17352F}.Debug|x86.Build.0 = Debug|x86
		{603119C4-25BA-40D9-8AE9-F20CAF17352F}.Release|x86.ActiveCfg = Release|x86
		{603119C4-25BA-40D9-8AE9-F20CAF17352F}.Release|x86.Build.0 = Release|x86
		{C17D9242-F6C2-4F54-BAF5-D4D3264CB5A4}.Debug|x86.ActiveCfg = Debug|x86
		{C17D9242-F6C2-4F54-BAF5-D4D3264CB5A4}.Release|x86.ActiveCfg = Release|x86
		{C17D9242-F6C2-4F54-BAF5-D4D3264CB5A4}.Release|x86.Build.0 = Release|x86
		{3670B853-5F17-498B-9F26-7D894B870B05}.Debug|x86.ActiveCfg = Debug|x86
		{3670B853-5F17-498B-9F26-7D894B870B05}.Debug|x86.Build.0 = Debug|x86
		{3670B853-5F17-498B-9F26-7D894B870B05}.Release|x86.ActiveCfg = Release|x86
		{3670B853-5F17-498B-9F26-7D894B870B05}.Release|x86.Build.0 = Release|x86
		{91AC6527-581B-42EA-AF01-25D023158D2D}.Debug|x86.ActiveCfg = Debug|x86
		{91AC6527-581B-42EA-AF01-25D023158D2D}.Debug|x86.Build.0 = Debug|x86
		{91AC6527-581B-42EA-AF01-25D023158D2D}.Release|x86.ActiveCfg = Release|x86
		{91AC6527-581B-42EA-AF01-25D023158D2D}.Release|x86.Build.0 = Release|x86
	EndGlobalSection
	GlobalSection(SolutionProperties) = preSolution
		HideSolutionNode = FALSE
	EndGlobalSection
EndGlobal
