
Microsoft Visual Studio Solution File, Format Version 11.00
# Visual Studio 2010
Project("{8BC9CEB8-8B4A-11D0-8D11-00A0C91BC942}") = "xtion_opencv", "xtion_opencv.vcxproj", "{CCB8C56B-FD2C-435D-8F64-623FDD059166}"
EndProject
Global
	GlobalSection(SolutionConfigurationPlatforms) = preSolution
		Debug|Win32 = Debug|Win32
		Release|Win32 = Release|Win32
	EndGlobalSection
	GlobalSection(ProjectConfigurationPlatforms) = postSolution
		{CCB8C56B-FD2C-435D-8F64-623FDD059166}.Debug|Win32.ActiveCfg = Debug|Win32
		{CCB8C56B-FD2C-435D-8F64-623FDD059166}.Debug|Win32.Build.0 = Debug|Win32
		{CCB8C56B-FD2C-435D-8F64-623FDD059166}.Release|Win32.ActiveCfg = Release|Win32
		{CCB8C56B-FD2C-435D-8F64-623FDD059166}.Release|Win32.Build.0 = Release|Win32
	EndGlobalSection
	GlobalSection(SolutionProperties) = preSolution
		HideSolutionNode = FALSE
	EndGlobalSection
EndGlobal
